
Microsoft Visual Studio Solution File, Format Version 12.00
# Visual Studio Version 16
VisualStudioVersion = 16.0.31313.79
MinimumVisualStudioVersion = 10.0.40219.1
Project("{FAE04EC0-301F-11D3-BF4B-00C04F79EFBC}") = "RadialTree", "RadialTree.csproj", "{42F1BAC4-F9FA-48B0-BE58-A2F96649DA66}"
EndProject
Global
	GlobalSection(SolutionConfigurationPlatforms) = preSolution
		Debug|Any CPU = Debug|Any CPU
		Release|Any CPU = Release|Any CPU
	EndGlobalSection
	GlobalSection(ProjectConfigurationPlatforms) = postSolution
		{42F1BAC4-F9FA-48B0-BE58-A2F96649DA66}.Debug|Any CPU.ActiveCfg = Debug|Any CPU
		{42F1BAC4-F9FA-48B0-BE58-A2F96649DA66}.Debug|Any CPU.Build.0 = Debug|Any CPU
		{42F1BAC4-F9FA-48B0-BE58-A2F96649DA66}.Release|Any CPU.ActiveCfg = Release|Any CPU
		{42F1BAC4-F9FA-48B0-BE58-A2F96649DA66}.Release|Any CPU.Build.0 = Release|Any CPU
	EndGlobalSection
	GlobalSection(SolutionProperties) = preSolution
		HideSolutionNode = FALSE
	EndGlobalSection
	GlobalSection(ExtensibilityGlobals) = postSolution
		SolutionGuid = {F02A585C-1F3F-497A-A021-5F7CC4925FBC}
	EndGlobalSection
EndGlobal
